
Microsoft Visual Studio Solution File, Format Version 12.00
# Visual Studio Version 16
VisualStudioVersion = 16.0.30907.101
MinimumVisualStudioVersion = 10.0.40219.1
Project("{8BC9CEB8-8B4A-11D0-8D11-00A0C91BC942}") = "stm32dds", "stm32dds\stm32dds.vcxproj", "{676BA434-3CA3-47D0-8798-964EA5BCAAFB}"
EndProject
Global
	GlobalSection(SolutionConfigurationPlatforms) = preSolution
		Debug|x64 = Debug|x64
		Debug|x86 = Debug|x86
		Release|x64 = Release|x64
		Release|x86 = Release|x86
	EndGlobalSection
	GlobalSection(ProjectConfigurationPlatforms) = postSolution
		{676BA434-3CA3-47D0-8798-964EA5BCAAFB}.Debug|x64.ActiveCfg = Debug|x64
		{676BA434-3CA3-47D0-8798-964EA5BCAAFB}.Debug|x64.Build.0 = Debug|x64
		{676BA434-3CA3-47D0-8798-964EA5BCAAFB}.Debug|x86.ActiveCfg = Debug|Win32
		{676BA434-3CA3-47D0-8798-964EA5BCAAFB}.Debug|x86.Build.0 = Debug|Win32
		{676BA434-3CA3-47D0-8798-964EA5BCAAFB}.Release|x64.ActiveCfg = Release|x64
		{676BA434-3CA3-47D0-8798-964EA5BCAAFB}.Release|x64.Build.0 = Release|x64
		{676BA434-3CA3-47D0-8798-964EA5BCAAFB}.Release|x86.ActiveCfg = Release|Win32
		{676BA434-3CA3-47D0-8798-964EA5BCAAFB}.Release|x86.Build.0 = Release|Win32
	EndGlobalSection
	GlobalSection(SolutionProperties) = preSolution
		HideSolutionNode = FALSE
	EndGlobalSection
	GlobalSection(ExtensibilityGlobals) = postSolution
		SolutionGuid = {27239BB0-33B6-4B02-95D0-4CA04386C50D}
	EndGlobalSection
EndGlobal
